{
  "name": "services-downloader",
  "version": "1.0.0",
  "lockfileVersion": 3,
  "requires": true,
  "packages": {
    "": {
      "name": "services-downloader",
      "version": "1.0.0",
      "license": "ISC",
      "dependencies": {
        "@super-protocol/sp-files-addon": "^0.13.2",
        "proper-lockfile": "^4.1.2"
      },
      "bin": {
        "sp-services-downloader": "src/index.js"
      }
    },
    "node_modules/@super-protocol/sp-files-addon": {
      "version": "0.13.2",
      "resolved": "https://registry.npmjs.org/@super-protocol/sp-files-addon/-/sp-files-addon-0.13.2.tgz",
      "integrity": "sha512-IZhxPu7TLlrlPS5bzVIvYnDDoGqtkm3fQjm/xuovXG3PM6ErGPRzRn0xpqCbkvXhRM04mTXoUmdT86TyhCh3qA==",
      "license": "MIT",
      "engines": {
        "node": ">= 16"
      },
      "optionalDependencies": {
        "@super-protocol/sp-files-addon-darwin-arm64": "0.13.2",
        "@super-protocol/sp-files-addon-darwin-x64": "0.13.2",
        "@super-protocol/sp-files-addon-linux-x64-gnu": "0.13.2",
        "@super-protocol/sp-files-addon-win32-x64-msvc": "0.13.2"
      }
    },
    "node_modules/@super-protocol/sp-files-addon-darwin-arm64": {
      "version": "0.13.2",
      "resolved": "https://registry.npmjs.org/@super-protocol/sp-files-addon-darwin-arm64/-/sp-files-addon-darwin-arm64-0.13.2.tgz",
      "integrity": "sha512-lIZrgqG8fIVAo9ZmTUZaWWsmRsstGBKdjel7IkRA9uQIPxa4vsbItjQEtySj4nIxlvOjbfE1YAAOeOIxrXfAmw==",
      "cpu": [
        "arm64"
      ],
      "license": "MIT",
      "optional": true,
      "os": [
        "darwin"
      ],
      "engines": {
        "node": ">= 10"
      }
    },
    "node_modules/@super-protocol/sp-files-addon-darwin-x64": {
      "version": "0.13.2",
      "resolved": "https://registry.npmjs.org/@super-protocol/sp-files-addon-darwin-x64/-/sp-files-addon-darwin-x64-0.13.2.tgz",
      "integrity": "sha512-tMlsBcAZgfraen+J2cmgaqXrM6rRSxBwLjv9sc3bnnTd8yELT2zBDRLm6+lykQpiwHAS/oPZrMe52oDmPCuV+A==",
      "cpu": [
        "x64"
      ],
      "license": "MIT",
      "optional": true,
      "os": [
        "darwin"
      ],
      "engines": {
        "node": ">= 16"
      }
    },
    "node_modules/@super-protocol/sp-files-addon-linux-x64-gnu": {
      "version": "0.13.2",
      "resolved": "https://registry.npmjs.org/@super-protocol/sp-files-addon-linux-x64-gnu/-/sp-files-addon-linux-x64-gnu-0.13.2.tgz",
      "integrity": "sha512-eJ22VQ9Irx3Oh7uCvQ/CYKDfYWi+buEju9XN4EXBUV6WTmenUSWpUd0WWoyPIBe+Gx3XtmpETQ2VQ8ZU+XeQcA==",
      "cpu": [
        "x64"
      ],
      "license": "MIT",
      "optional": true,
      "os": [
        "linux"
      ],
      "engines": {
        "node": ">= 16"
      }
    },
    "node_modules/@super-protocol/sp-files-addon-win32-x64-msvc": {
      "version": "0.13.2",
      "resolved": "https://registry.npmjs.org/@super-protocol/sp-files-addon-win32-x64-msvc/-/sp-files-addon-win32-x64-msvc-0.13.2.tgz",
      "integrity": "sha512-p13EjHkh+ipHIjyowLMj6+0LBB49C4DP7xNuXRWlmrPJjSuGhnMXqqq8DvRQWqz+h+EubxBK/Lyt0zEOmllewg==",
      "cpu": [
        "x64"
      ],
      "license": "MIT",
      "optional": true,
      "os": [
        "win32"
      ],
      "engines": {
        "node": ">= 16"
      }
    },
    "node_modules/graceful-fs": {
      "version": "4.2.11",
      "resolved": "https://registry.npmjs.org/graceful-fs/-/graceful-fs-4.2.11.tgz",
      "integrity": "sha512-RbJ5/jmFcNNCcDV5o9eTnBLJ/HszWV0P73bc+Ff4nS/rJj+YaS6IGyiOL0VoBYX+l1Wrl3k63h/KrH+nhJ0XvQ==",
      "license": "ISC"
    },
    "node_modules/proper-lockfile": {
      "version": "4.1.2",
      "resolved": "https://registry.npmjs.org/proper-lockfile/-/proper-lockfile-4.1.2.tgz",
      "integrity": "sha512-TjNPblN4BwAWMXU8s9AEz4JmQxnD1NNL7bNOY/AKUzyamc379FWASUhc/K1pL2noVb+XmZKLL68cjzLsiOAMaA==",
      "license": "MIT",
      "dependencies": {
        "graceful-fs": "^4.2.4",
        "retry": "^0.12.0",
        "signal-exit": "^3.0.2"
      }
    },
    "node_modules/retry": {
      "version": "0.12.0",
      "resolved": "https://registry.npmjs.org/retry/-/retry-0.12.0.tgz",
      "integrity": "sha512-9LkiTwjUh6rT555DtE9rTX+BKByPfrMzEAtnlEtdEwr3Nkffwiihqe2bWADg+OQRjt9gl6ICdmB/ZFDCGAtSow==",
      "license": "MIT",
      "engines": {
        "node": ">= 4"
      }
    },
    "node_modules/signal-exit": {
      "version": "3.0.7",
      "resolved": "https://registry.npmjs.org/signal-exit/-/signal-exit-3.0.7.tgz",
      "integrity": "sha512-wnD2ZE+l+SPC/uoS0vXeE9L1+0wuaMqKlfz9AMUo38JsyLSBWSFcHR1Rri62LZc12vLr1gb3jl7iwQhgwpAbGQ==",
      "license": "ISC"
    }
  }
}
